// !$*UTF8*$!
{
	archiveVersion = 1;
	classes = {
	};
	objectVersion = 50;
	objects = {

/* Begin PBXBuildFile section */
		DABEAA8E26B4C25E00651769 /* AppDelegate.swift in Sources */ = {isa = PBXBuildFile; fileRef = DABEAA8D26B4C25E00651769 /* AppDelegate.swift */; };
		DABEAA9026B4C25E00651769 /* SceneDelegate.swift in Sources */ = {isa = PBXBuildFile; fileRef = DABEAA8F26B4C25E00651769 /* SceneDelegate.swift */; };
		DABEAA9226B4C25E00651769 /* ViewController.swift in Sources */ = {isa = PBXBuildFile; fileRef = DABEAA9126B4C25E00651769 /* ViewController.swift */; };
		DABEAA9526B4C25E00651769 /* Main.storyboard in Resources */ = {isa = PBXBuildFile; fileRef = DABEAA9326B4C25E00651769 /* Main.storyboard */; };
		DABEAA9726B4C25F00651769 /* Assets.xcassets in Resources */ = {isa = PBXBuildFile; fileRef = DABEAA9626B4C25F00651769 /* Assets.xcassets */; };
		DABEAA9A26B4C25F00651769 /* LaunchScreen.storyboard in Resources */ = {isa = PBXBuildFile; fileRef = DABEAA9826B4C25F00651769 /* LaunchScreen.storyboard */; };
/* End PBXBuildFile section */

/* Begin PBXFileReference section */
		DABEAA8A26B4C25E00651769 /* CatchTheCanny.app */ = {isa = PBXFileReference; explicitFileType = wrapper.application; includeInIndex = 0; path = CatchTheCanny.app; sourceTree = BUILT_PRODUCTS_DIR; };
		DABEAA8D26B4C25E00651769 /* AppDelegate.swift */ = {isa = PBXFileReference; lastKnownFileType = sourcecode.swift; path = AppDelegate.swift; sourceTree = "<group>"; };
		DABEAA8F26B4C25E00651769 /* SceneDelegate.swift */ = {isa = PBXFileReference; lastKnownFileType = sourcecode.swift; path = SceneDelegate.swift; sourceTree = "<group>"; };
		DABEAA9126B4C25E00651769 /* ViewController.swift */ = {isa = PBXFileReference; lastKnownFileType = sourcecode.swift; path = ViewController.swift; sourceTree = "<group>"; };
		DABEAA9426B4C25E00651769 /* Base */ = {isa = PBXFileReference; lastKnownFileType = file.storyboard; name = Base; path = Base.lproj/Main.storyboard; sourceTree = "<group>"; };
		DABEAA9626B4C25F00651769 /* Assets.xcassets */ = {isa = PBXFileReference; lastKnownFileType = folder.assetcatalog; path = Assets.xcassets; sourceTree = "<group>"; };
		DABEAA9926B4C25F00651769 /* Base */ = {isa = PBXFileReference; lastKnownFileType = file.storyboard; name = Base; path = Base.lproj/LaunchScreen.storyboard; sourceTree = "<group>"; };
		DABEAA9B26B4C25F00651769 /* Info.plist */ = {isa = PBXFileReference; lastKnownFileType = text.plist.xml; path = Info.plist; sourceTree = "<group>"; };
/* End PBXFileReference section */

/* Begin PBXFrameworksBuildPhase section */
		DABEAA8726B4C25E00651769 /* Frameworks */ = {
			isa = PBXFrameworksBuildPhase;
			buildActionMask = 2147483647;
			files = (
			);
			runOnlyForDeploymentPostprocessing = 0;
		};
/* End PBXFrameworksBuildPhase section */

/* Begin PBXGroup section */
		DABEAA8126B4C25E00651769 = {
			isa = PBXGroup;
			children = (
				DABEAA8C26B4C25E00651769 /* CatchTheCanny */,
				DABEAA8B26B4C25E00651769 /* Products */,
			);
			sourceTree = "<group>";
		};
		DABEAA8B26B4C25E00651769 /* Products */ = {
			isa = PBXGroup;
			children = (
				DABEAA8A26B4C25E00651769 /* CatchTheCanny.app */,
			);
			name = Products;
			sourceTree = "<group>";
		};
		DABEAA8C26B4C25E00651769 /* CatchTheCanny */ = {
			isa = PBXGroup;
			children = (
				DABEAA8D26B4C25E00651769 /* AppDelegate.swift */,
				DABEAA8F26B4C25E00651769 /* SceneDelegate.swift */,
				DABEAA9126B4C25E00651769 /* ViewController.swift */,
				DABEAA9326B4C25E00651769 /* Main.storyboard */,
				DABEAA9626B4C25F00651769 /* Assets.xcassets */,
				DABEAA9826B4C25F00651769 /* LaunchScreen.storyboard */,
				DABEAA9B26B4C25F00651769 /* Info.plist */,
			);
			path = CatchTheCanny;
			sourceTree = "<group>";
		};
/* End PBXGroup section */

/* Begin PBXNativeTarget section */
		DABEAA8926B4C25E00651769 /* CatchTheCanny */ = {
			isa = PBXNativeTarget;
			buildConfigurationList = DABEAA9E26B4C25F00651769 /* Build configuration list for PBXNativeTarget "CatchTheCanny" */;
			buildPhases = (
				DABEAA8626B4C25E00651769 /* Sources */,
				DABEAA8726B4C25E00651769 /* Frameworks */,
				DABEAA8826B4C25E00651769 /* Resources */,
			);
			buildRules = (
			);
			dependencies = (
			);
			name = CatchTheCanny;
			productName = CatchTheCanny;
			productReference = DABEAA8A26B4C25E00651769 /* CatchTheCanny.app */;
			productType = "com.apple.product-type.application";
		};
/* End PBXNativeTarget section */

/* Begin PBXProject section */
		DABEAA8226B4C25E00651769 /* Project object */ = {
			isa = PBXProject;
			attributes = {
				LastSwiftUpdateCheck = 1250;
				LastUpgradeCheck = 1250;
				TargetAttributes = {
					DABEAA8926B4C25E00651769 = {
						CreatedOnToolsVersion = 12.5;
					};
				};
			};
			buildConfigurationList = DABEAA8526B4C25E00651769 /* Build configuration list for PBXProject "CatchTheCanny" */;
			compatibilityVersion = "Xcode 9.3";
			developmentRegion = en;
			hasScannedForEncodings = 0;
			knownRegions = (
				en,
				Base,
			);
			mainGroup = DABEAA8126B4C25E00651769;
			productRefGroup = DABEAA8B26B4C25E00651769 /* Products */;
			projectDirPath = "";
			projectRoot = "";
			targets = (
				DABEAA8926B4C25E00651769 /* CatchTheCanny */,
			);
		};
/* End PBXProject section */

/* Begin PBXResourcesBuildPhase section */
		DABEAA8826B4C25E00651769 /* Resources */ = {
			isa = PBXResourcesBuildPhase;
			buildActionMask = 2147483647;
			files = (
				DABEAA9A26B4C25F00651769 /* LaunchScreen.storyboard in Resources */,
				DABEAA9726B4C25F00651769 /* Assets.xcassets in Resources */,
				DABEAA9526B4C25E00651769 /* Main.storyboard in Resources */,
			);
			runOnlyForDeploymentPostprocessing = 0;
		};
/* End PBXResourcesBuildPhase section */

/* Begin PBXSourcesBuildPhase section */
		DABEAA8626B4C25E00651769 /* Sources */ = {
			isa = PBXSourcesBuildPhase;
			buildActionMask = 2147483647;
			files = (
				DABEAA9226B4C25E00651769 /* ViewController.swift in Sources */,
				DABEAA8E26B4C25E00651769 /* AppDelegate.swift in Sources */,
				DABEAA9026B4C25E00651769 /* SceneDelegate.swift in Sources */,
			);
			runOnlyForDeploymentPostprocessing = 0;
		};
/* End PBXSourcesBuildPhase section */

/* Begin PBXVariantGroup section */
		DABEAA9326B4C25E00651769 /* Main.storyboard */ = {
			isa = PBXVariantGroup;
			children = (
				DABEAA9426B4C25E00651769 /* Base */,
			);
			name = Main.storyboard;
			sourceTree = "<group>";
		};
		DABEAA9826B4C25F00651769 /* LaunchScreen.storyboard */ = {
			isa = PBXVariantGroup;
			children = (
				DABEAA9926B4C25F00651769 /* Base */,
			);
			name = LaunchScreen.storyboard;
			sourceTree = "<group>";
		};
/* End PBXVariantGroup section */

/* Begin XCBuildConfiguration section */
		DABEAA9C26B4C25F00651769 /* Debug */ = {
			isa = XCBuildConfiguration;
			buildSettings = {
				ALWAYS_SEARCH_USER_PATHS = NO;
				CLANG_ANALYZER_NONNULL = YES;
				CLANG_ANALYZER_NUMBER_OBJECT_CONVERSION = YES_AGGRESSIVE;
				CLANG_CXX_LANGUAGE_STANDARD = "gnu++14";
				CLANG_CXX_LIBRARY = "libc++";
				CLANG_ENABLE_MODULES = YES;
				CLANG_ENABLE_OBJC_ARC = YES;
				CLANG_ENABLE_OBJC_WEAK = YES;
				CLANG_WARN_BLOCK_CAPTURE_AUTORELEASING = YES;
				CLANG_WARN_BOOL_CONVERSION = YES;
				CLANG_WARN_COMMA = YES;
				CLANG_WARN_CONSTANT_CONVERSION = YES;
				CLANG_WARN_DEPRECATED_OBJC_IMPLEMENTATIONS = YES;
				CLANG_WARN_DIRECT_OBJC_ISA_USAGE = YES_ERROR;
				CLANG_WARN_DOCUMENTATION_COMMENTS = YES;
				CLANG_WARN_EMPTY_BODY = YES;
				CLANG_WARN_ENUM_CONVERSION = YES;
				CLANG_WARN_INFINITE_RECURSION = YES;
				CLANG_WARN_INT_CONVERSION = YES;
				CLANG_WARN_NON_LITERAL_NULL_CONVERSION = YES;
				CLANG_WARN_OBJC_IMPLICIT_RETAIN_SELF = YES;
				CLANG_WARN_OBJC_LITERAL_CONVERSION = YES;
				CLANG_WARN_OBJC_ROOT_CLASS = YES_ERROR;
				CLANG_WARN_QUOTED_INCLUDE_IN_FRAMEWORK_HEADER = YES;
				CLANG_WARN_RANGE_LOOP_ANALYSIS = YES;
				CLANG_WARN_STRICT_PROTOTYPES = YES;
				CLANG_WARN_SUSPICIOUS_MOVE = YES;
				CLANG_WARN_UNGUARDED_AVAILABILITY = YES_AGGRESSIVE;
				CLANG_WARN_UNREACHABLE_CODE = YES;
				CLANG_WARN__DUPLICATE_METHOD_MATCH = YES;
				COPY_PHASE_STRIP = NO;
				DEBUG_INFORMATION_FORMAT = dwarf;
				ENABLE_STRICT_OBJC_MSGSEND = YES;
				ENABLE_TESTABILITY = YES;
				GCC_C_LANGUAGE_STANDARD = gnu11;
				GCC_DYNAMIC_NO_PIC = NO;
				GCC_NO_COMMON_BLOCKS = YES;
				GCC_OPTIMIZATION_LEVEL = 0;
				GCC_PREPROCESSOR_DEFINITIONS = (
					"DEBUG=1",
					"$(inherited)",
				);
				GCC_WARN_64_TO_32_BIT_CONVERSION = YES;
				GCC_WARN_ABOUT_RETURN_TYPE = YES_ERROR;
				GCC_WARN_UNDECLARED_SELECTOR = YES;
				GCC_WARN_UNINITIALIZED_AUTOS = YES_AGGRESSIVE;
				GCC_WARN_UNUSED_FUNCTION = YES;
				GCC_WARN_UNUSED_VARIABLE = YES;
				IPHONEOS_DEPLOYMENT_TARGET = 14.5;
				MTL_ENABLE_DEBUG_INFO = INCLUDE_SOURCE;
				MTL_FAST_MATH = YES;
				ONLY_ACTIVE_ARCH = YES;
				SDKROOT = iphoneos;
				SWIFT_ACTIVE_COMPILATION_CONDITIONS = DEBUG;
				SWIFT_OPTIMIZATION_LEVEL = "-Onone";
			};
			name = Debug;
		};
		DABEAA9D26B4C25F00651769 /* Release */ = {
			isa = XCBuildConfiguration;
			buildSettings = {
				ALWAYS_SEARCH_USER_PATHS = NO;
				CLANG_ANALYZER_NONNULL = YES;
				CLANG_ANALYZER_NUMBER_OBJECT_CONVERSION = YES_AGGRESSIVE;
				CLANG_CXX_LANGUAGE_STANDARD = "gnu++14";
				CLANG_CXX_LIBRARY = "libc++";
				CLANG_ENABLE_MODULES = YES;
				CLANG_ENABLE_OBJC_ARC = YES;
				CLANG_ENABLE_OBJC_WEAK = YES;
				CLANG_WARN_BLOCK_CAPTURE_AUTORELEASING = YES;
				CLANG_WARN_BOOL_CONVERSION = YES;
				CLANG_WARN_COMMA = YES;
				CLANG_WARN_CONSTANT_CONVERSION = YES;
				CLANG_WARN_DEPRECATED_OBJC_IMPLEMENTATIONS = YES;
				CLANG_WARN_DIRECT_OBJC_ISA_USAGE = YES_ERROR;
				CLANG_WARN_DOCUMENTATION_COMMENTS = YES;
				CLANG_WARN_EMPTY_BODY = YES;
				CLANG_WARN_ENUM_CONVERSION = YES;
				CLANG_WARN_INFINITE_RECURSION = YES;
				CLANG_WARN_INT_CONVERSION = YES;
				CLANG_WARN_NON_LITERAL_NULL_CONVERSION = YES;
				CLANG_WARN_OBJC_IMPLICIT_RETAIN_SELF = YES;
				CLANG_WARN_OBJC_LITERAL_CONVERSION = YES;
				CLANG_WARN_OBJC_ROOT_CLASS = YES_ERROR;
				CLANG_WARN_QUOTED_INCLUDE_IN_FRAMEWORK_HEADER = YES;
				CLANG_WARN_RANGE_LOOP_ANALYSIS = YES;
				CLANG_WARN_STRICT_PROTOTYPES = YES;
				CLANG_WARN_SUSPICIOUS_MOVE = YES;
				CLANG_WARN_UNGUARDED_AVAILABILITY = YES_AGGRESSIVE;
				CLANG_WARN_UNREACHABLE_CODE = YES;
				CLANG_WARN__DUPLICATE_METHOD_MATCH = YES;
				COPY_PHASE_STRIP = NO;
				DEBUG_INFORMATION_FORMAT = "dwarf-with-dsym";
				ENABLE_NS_ASSERTIONS = NO;
				ENABLE_STRICT_OBJC_MSGSEND = YES;
				GCC_C_LANGUAGE_STANDARD = gnu11;
				GCC_NO_COMMON_BLOCKS = YES;
				GCC_WARN_64_TO_32_BIT_CONVERSION = YES;
				GCC_WARN_ABOUT_RETURN_TYPE = YES_ERROR;
				GCC_WARN_UNDECLARED_SELECTOR = YES;
				GCC_WARN_UNINITIALIZED_AUTOS = YES_AGGRESSIVE;
				GCC_WARN_UNUSED_FUNCTION = YES;
				GCC_WARN_UNUSED_VARIABLE = YES;
				IPHONEOS_DEPLOYMENT_TARGET = 14.5;
				MTL_ENABLE_DEBUG_INFO = NO;
				MTL_FAST_MATH = YES;
				SDKROOT = iphoneos;
				SWIFT_COMPILATION_MODE = wholemodule;
				SWIFT_OPTIMIZATION_LEVEL = "-O";
				VALIDATE_PRODUCT = YES;
			};
			name = Release;
		};
		DABEAA9F26B4C25F00651769 /* Debug */ = {
			isa = XCBuildConfiguration;
			buildSettings = {
				ASSETCATALOG_COMPILER_GLOBAL_ACCENT_COLOR_NAME = AccentColor;
				CODE_SIGN_STYLE = Automatic;
				DEVELOPMENT_TEAM = B397XJU6A4;
				INFOPLIST_FILE = CatchTheCanny/Info.plist;
				LD_RUNPATH_SEARCH_PATHS = (
					"$(inherited)",
					"@executable_path/Frameworks",
				);
				PRODUCT_BUNDLE_IDENTIFIER = com.calculate.CatchTheCanny;
				PRODUCT_NAME = "$(TARGET_NAME)";
				SWIFT_VERSION = 5.0;
				TARGETED_DEVICE_FAMILY = "1,2";
			};
			name = Debug;
		};
		DABEAAA026B4C25F00651769 /* Release */ = {
			isa = XCBuildConfiguration;
			buildSettings = {
				ASSETCATALOG_COMPILER_GLOBAL_ACCENT_COLOR_NAME = AccentColor;
				CODE_SIGN_STYLE = Automatic;
				DEVELOPMENT_TEAM = B397XJU6A4;
				INFOPLIST_FILE = CatchTheCanny/Info.plist;
				LD_RUNPATH_SEARCH_PATHS = (
					"$(inherited)",
					"@executable_path/Frameworks",
				);
				PRODUCT_BUNDLE_IDENTIFIER = com.calculate.CatchTheCanny;
				PRODUCT_NAME = "$(TARGET_NAME)";
				SWIFT_VERSION = 5.0;
				TARGETED_DEVICE_FAMILY = "1,2";
			};
			name = Release;
		};
/* End XCBuildConfiguration section */

/* Begin XCConfigurationList section */
		DABEAA8526B4C25E00651769 /* Build configuration list for PBXProject "CatchTheCanny" */ = {
			isa = XCConfigurationList;
			buildConfigurations = (
				DABEAA9C26B4C25F00651769 /* Debug */,
				DABEAA9D26B4C25F00651769 /* Release */,
			);
			defaultConfigurationIsVisible = 0;
			defaultConfigurationName = Release;
		};
		DABEAA9E26B4C25F00651769 /* Build configuration list for PBXNativeTarget "CatchTheCanny" */ = {
			isa = XCConfigurationList;
			buildConfigurations = (
				DABEAA9F26B4C25F00651769 /* Debug */,
				DABEAAA026B4C25F00651769 /* Release */,
			);
			defaultConfigurationIsVisible = 0;
			defaultConfigurationName = Release;
		};
/* End XCConfigurationList section */
	};
	rootObject = DABEAA8226B4C25E00651769 /* Project object */;
}
